
Microsoft Visual Studio Solution File, Format Version 12.00
# Visual Studio Version 17
VisualStudioVersion = 17.13.35913.81
MinimumVisualStudioVersion = 10.0.40219.1
Project("{FAE04EC0-301F-11D3-BF4B-00C04F79EFBC}") = "EasyManagerApp", "EasyManagerApp\EasyManagerApp.csproj", "{723E9BE4-2595-497D-B538-E7DEF0394ABE}"
EndProject
Global
	GlobalSection(SolutionConfigurationPlatforms) = preSolution
		Debug|Any CPU = Debug|Any CPU
		Release|Any CPU = Release|Any CPU
	EndGlobalSection
	GlobalSection(ProjectConfigurationPlatforms) = postSolution
		{723E9BE4-2595-497D-B538-E7DEF0394ABE}.Debug|Any CPU.ActiveCfg = Debug|Any CPU
		{723E9BE4-2595-497D-B538-E7DEF0394ABE}.Debug|Any CPU.Build.0 = Debug|Any CPU
		{723E9BE4-2595-497D-B538-E7DEF0394ABE}.Debug|Any CPU.Deploy.0 = Debug|Any CPU
		{723E9BE4-2595-497D-B538-E7DEF0394ABE}.Release|Any CPU.ActiveCfg = Release|Any CPU
		{723E9BE4-2595-497D-B538-E7DEF0394ABE}.Release|Any CPU.Build.0 = Release|Any CPU
	EndGlobalSection
	GlobalSection(SolutionProperties) = preSolution
		HideSolutionNode = FALSE
	EndGlobalSection
	GlobalSection(ExtensibilityGlobals) = postSolution
		SolutionGuid = {98ED09BA-E8F0-4BDC-AE9A-BC8CF6AE5BFC}
	EndGlobalSection
EndGlobal
